
Microsoft Visual Studio Solution File, Format Version 12.00
# Visual Studio Version 17
VisualStudioVersion = 17.7.34221.43
MinimumVisualStudioVersion = 10.0.40219.1
Project("{FAE04EC0-301F-11D3-BF4B-00C04F79EFBC}") = "RouteC#OOPAssignment1", "RouteC#OOPAssignment1\RouteC#OOPAssignment1.csproj", "{70FA6467-575E-42ED-9FA7-1F67F1A1EF1D}"
EndProject
Global
	GlobalSection(SolutionConfigurationPlatforms) = preSolution
		Debug|Any CPU = Debug|Any CPU
		Release|Any CPU = Release|Any CPU
	EndGlobalSection
	GlobalSection(ProjectConfigurationPlatforms) = postSolution
		{70FA6467-575E-42ED-9FA7-1F67F1A1EF1D}.Debug|Any CPU.ActiveCfg = Debug|Any CPU
		{70FA6467-575E-42ED-9FA7-1F67F1A1EF1D}.Debug|Any CPU.Build.0 = Debug|Any CPU
		{70FA6467-575E-42ED-9FA7-1F67F1A1EF1D}.Release|Any CPU.ActiveCfg = Release|Any CPU
		{70FA6467-575E-42ED-9FA7-1F67F1A1EF1D}.Release|Any CPU.Build.0 = Release|Any CPU
	EndGlobalSection
	GlobalSection(SolutionProperties) = preSolution
		HideSolutionNode = FALSE
	EndGlobalSection
	GlobalSection(ExtensibilityGlobals) = postSolution
		SolutionGuid = {5532716C-2AE0-4C84-9479-7BD53C455784}
	EndGlobalSection
EndGlobal
