
Microsoft Visual Studio Solution File, Format Version 12.00
# Visual Studio Version 17
VisualStudioVersion = 17.7.34221.43
MinimumVisualStudioVersion = 10.0.40219.1
Project("{FAE04EC0-301F-11D3-BF4B-00C04F79EFBC}") = "Session 3.0 Assigement 1.0 C Sharp", "Session 3.0 Assigement 1.0 C Sharp\Session 3.0 Assigement 1.0 C Sharp.csproj", "{0EA9CE46-A5D7-4EBC-A32F-93AC462146AB}"
EndProject
Global
	GlobalSection(SolutionConfigurationPlatforms) = preSolution
		Debug|Any CPU = Debug|Any CPU
		Release|Any CPU = Release|Any CPU
	EndGlobalSection
	GlobalSection(ProjectConfigurationPlatforms) = postSolution
		{0EA9CE46-A5D7-4EBC-A32F-93AC462146AB}.Debug|Any CPU.ActiveCfg = Debug|Any CPU
		{0EA9CE46-A5D7-4EBC-A32F-93AC462146AB}.Debug|Any CPU.Build.0 = Debug|Any CPU
		{0EA9CE46-A5D7-4EBC-A32F-93AC462146AB}.Release|Any CPU.ActiveCfg = Release|Any CPU
		{0EA9CE46-A5D7-4EBC-A32F-93AC462146AB}.Release|Any CPU.Build.0 = Release|Any CPU
	EndGlobalSection
	GlobalSection(SolutionProperties) = preSolution
		HideSolutionNode = FALSE
	EndGlobalSection
	GlobalSection(ExtensibilityGlobals) = postSolution
		SolutionGuid = {13734707-02EF-4E8D-BF5A-C0BDBDF6D49E}
	EndGlobalSection
EndGlobal
