
Microsoft Visual Studio Solution File, Format Version 12.00
# Visual Studio Version 17
VisualStudioVersion = 17.7.34221.43
MinimumVisualStudioVersion = 10.0.40219.1
Project("{9A19103F-16F7-4668-BE54-9A1E7A4F7556}") = "RouteCSharpDelegate", "RouteCSharpDelegate\RouteCSharpDelegate.csproj", "{68C9D84A-E239-442F-839C-2A9C62B04D49}"
EndProject
Project("{FAE04EC0-301F-11D3-BF4B-00C04F79EFBC}") = "RouteCSharpEvent", "RouteCSharpEvent\RouteCSharpEvent.csproj", "{269C9E22-AC6C-4075-8911-014158BA5A1F}"
EndProject
Global
	GlobalSection(SolutionConfigurationPlatforms) = preSolution
		Debug|Any CPU = Debug|Any CPU
		Release|Any CPU = Release|Any CPU
	EndGlobalSection
	GlobalSection(ProjectConfigurationPlatforms) = postSolution
		{68C9D84A-E239-442F-839C-2A9C62B04D49}.Debug|Any CPU.ActiveCfg = Debug|Any CPU
		{68C9D84A-E239-442F-839C-2A9C62B04D49}.Debug|Any CPU.Build.0 = Debug|Any CPU
		{68C9D84A-E239-442F-839C-2A9C62B04D49}.Release|Any CPU.ActiveCfg = Release|Any CPU
		{68C9D84A-E239-442F-839C-2A9C62B04D49}.Release|Any CPU.Build.0 = Release|Any CPU
		{269C9E22-AC6C-4075-8911-014158BA5A1F}.Debug|Any CPU.ActiveCfg = Debug|Any CPU
		{269C9E22-AC6C-4075-8911-014158BA5A1F}.Debug|Any CPU.Build.0 = Debug|Any CPU
		{269C9E22-AC6C-4075-8911-014158BA5A1F}.Release|Any CPU.ActiveCfg = Release|Any CPU
		{269C9E22-AC6C-4075-8911-014158BA5A1F}.Release|Any CPU.Build.0 = Release|Any CPU
	EndGlobalSection
	GlobalSection(SolutionProperties) = preSolution
		HideSolutionNode = FALSE
	EndGlobalSection
	GlobalSection(ExtensibilityGlobals) = postSolution
		SolutionGuid = {4BC2E963-AC81-4CFA-8FBE-699E334F7254}
	EndGlobalSection
EndGlobal
