
Microsoft Visual Studio Solution File, Format Version 12.00
# Visual Studio Version 17
VisualStudioVersion = 17.7.34221.43
MinimumVisualStudioVersion = 10.0.40219.1
Project("{FAE04EC0-301F-11D3-BF4B-00C04F79EFBC}") = "RouteC#Enum", "RouteC#Enum\RouteC#Enum.csproj", "{9EA085E4-A4A2-450F-AAFF-5D902E2E81B5}"
EndProject
Global
	GlobalSection(SolutionConfigurationPlatforms) = preSolution
		Debug|Any CPU = Debug|Any CPU
		Release|Any CPU = Release|Any CPU
	EndGlobalSection
	GlobalSection(ProjectConfigurationPlatforms) = postSolution
		{9EA085E4-A4A2-450F-AAFF-5D902E2E81B5}.Debug|Any CPU.ActiveCfg = Debug|Any CPU
		{9EA085E4-A4A2-450F-AAFF-5D902E2E81B5}.Debug|Any CPU.Build.0 = Debug|Any CPU
		{9EA085E4-A4A2-450F-AAFF-5D902E2E81B5}.Release|Any CPU.ActiveCfg = Release|Any CPU
		{9EA085E4-A4A2-450F-AAFF-5D902E2E81B5}.Release|Any CPU.Build.0 = Release|Any CPU
	EndGlobalSection
	GlobalSection(SolutionProperties) = preSolution
		HideSolutionNode = FALSE
	EndGlobalSection
	GlobalSection(ExtensibilityGlobals) = postSolution
		SolutionGuid = {1655F3B8-70A4-4F3A-AE98-DCF73A1031A5}
	EndGlobalSection
EndGlobal
