
Microsoft Visual Studio Solution File, Format Version 12.00
# Visual Studio Version 17
VisualStudioVersion = 17.7.34221.43
MinimumVisualStudioVersion = 10.0.40219.1
Project("{FAE04EC0-301F-11D3-BF4B-00C04F79EFBC}") = "Session 2.0 C Sharp", "Session 2.0 C Sharp\Session 2.0 C Sharp.csproj", "{DAAE3E31-8528-43E5-B0F7-E0466333AABD}"
EndProject
Global
	GlobalSection(SolutionConfigurationPlatforms) = preSolution
		Debug|Any CPU = Debug|Any CPU
		Release|Any CPU = Release|Any CPU
	EndGlobalSection
	GlobalSection(ProjectConfigurationPlatforms) = postSolution
		{DAAE3E31-8528-43E5-B0F7-E0466333AABD}.Debug|Any CPU.ActiveCfg = Debug|Any CPU
		{DAAE3E31-8528-43E5-B0F7-E0466333AABD}.Debug|Any CPU.Build.0 = Debug|Any CPU
		{DAAE3E31-8528-43E5-B0F7-E0466333AABD}.Release|Any CPU.ActiveCfg = Release|Any CPU
		{DAAE3E31-8528-43E5-B0F7-E0466333AABD}.Release|Any CPU.Build.0 = Release|Any CPU
	EndGlobalSection
	GlobalSection(SolutionProperties) = preSolution
		HideSolutionNode = FALSE
	EndGlobalSection
	GlobalSection(ExtensibilityGlobals) = postSolution
		SolutionGuid = {123F67AD-1042-412A-822E-00DC59282192}
	EndGlobalSection
EndGlobal
